
Microsoft Visual Studio Solution File, Format Version 12.00
# Visual Studio Version 16
VisualStudioVersion = 16.0.33529.622
MinimumVisualStudioVersion = 10.0.40219.1
Project("{FAE04EC0-301F-11D3-BF4B-00C04F79EFBC}") = "ConsoleApp_Class", "ConsoleApp_Class.csproj", "{62E01A93-1582-4571-B825-A5FF2EF017FB}"
EndProject
Global
	GlobalSection(SolutionConfigurationPlatforms) = preSolution
		Debug|Any CPU = Debug|Any CPU
		Release|Any CPU = Release|Any CPU
	EndGlobalSection
	GlobalSection(ProjectConfigurationPlatforms) = postSolution
		{62E01A93-1582-4571-B825-A5FF2EF017FB}.Debug|Any CPU.ActiveCfg = Debug|Any CPU
		{62E01A93-1582-4571-B825-A5FF2EF017FB}.Debug|Any CPU.Build.0 = Debug|Any CPU
		{62E01A93-1582-4571-B825-A5FF2EF017FB}.Release|Any CPU.ActiveCfg = Release|Any CPU
		{62E01A93-1582-4571-B825-A5FF2EF017FB}.Release|Any CPU.Build.0 = Release|Any CPU
	EndGlobalSection
	GlobalSection(SolutionProperties) = preSolution
		HideSolutionNode = FALSE
	EndGlobalSection
	GlobalSection(ExtensibilityGlobals) = postSolution
		SolutionGuid = {E63B61A2-4A28-4FCF-BE1E-EE3115DA1B8E}
	EndGlobalSection
EndGlobal
